// !$*UTF8*$!
{
	archiveVersion = 1;
	classes = {
	};
	objectVersion = 56;
	objects = {

/* Begin PBXBuildFile section */
		FA0C503C2B63CA8A00E567D4 /* AppDelegate.swift in Sources */ = {isa = PBXBuildFile; fileRef = FA0C503B2B63CA8A00E567D4 /* AppDelegate.swift */; };
		FA0C503E2B63CA8A00E567D4 /* SceneDelegate.swift in Sources */ = {isa = PBXBuildFile; fileRef = FA0C503D2B63CA8A00E567D4 /* SceneDelegate.swift */; };
		FA0C50402B63CA8A00E567D4 /* NoteListViewController.swift in Sources */ = {isa = PBXBuildFile; fileRef = FA0C503F2B63CA8A00E567D4 /* NoteListViewController.swift */; };
		FA0C50462B63CA8A00E567D4 /* NotesApp.xcdatamodeld in Sources */ = {isa = PBXBuildFile; fileRef = FA0C50442B63CA8A00E567D4 /* NotesApp.xcdatamodeld */; };
		FA0C50482B63CA8B00E567D4 /* Assets.xcassets in Resources */ = {isa = PBXBuildFile; fileRef = FA0C50472B63CA8B00E567D4 /* Assets.xcassets */; };
		FA0C504B2B63CA8B00E567D4 /* LaunchScreen.storyboard in Resources */ = {isa = PBXBuildFile; fileRef = FA0C50492B63CA8B00E567D4 /* LaunchScreen.storyboard */; };
		FA0C505B2B63D03C00E567D4 /* NoteListConfigurator.swift in Sources */ = {isa = PBXBuildFile; fileRef = FA0C505A2B63D03C00E567D4 /* NoteListConfigurator.swift */; };
		FA0C505D2B63D04D00E567D4 /* NoteListRouter.swift in Sources */ = {isa = PBXBuildFile; fileRef = FA0C505C2B63D04D00E567D4 /* NoteListRouter.swift */; };
		FA0C505F2B63D06400E567D4 /* NoteListPresenter.swift in Sources */ = {isa = PBXBuildFile; fileRef = FA0C505E2B63D06400E567D4 /* NoteListPresenter.swift */; };
		FA0C50612B63D0A200E567D4 /* NoteListModuleInput.swift in Sources */ = {isa = PBXBuildFile; fileRef = FA0C50602B63D0A200E567D4 /* NoteListModuleInput.swift */; };
		FA0C50632B63D0C500E567D4 /* NoteListViewInput.swift in Sources */ = {isa = PBXBuildFile; fileRef = FA0C50622B63D0C500E567D4 /* NoteListViewInput.swift */; };
		FA0C50652B63D0D400E567D4 /* NoteListViewOutput.swift in Sources */ = {isa = PBXBuildFile; fileRef = FA0C50642B63D0D400E567D4 /* NoteListViewOutput.swift */; };
		FA0C50672B63D0EF00E567D4 /* NoteListRouterInput.swift in Sources */ = {isa = PBXBuildFile; fileRef = FA0C50662B63D0EF00E567D4 /* NoteListRouterInput.swift */; };
		FA0C50692B63D16A00E567D4 /* NoteListModuleOutput.swift in Sources */ = {isa = PBXBuildFile; fileRef = FA0C50682B63D16A00E567D4 /* NoteListModuleOutput.swift */; };
		FA0C506C2B63D28700E567D4 /* NoteListPresenterModel.swift in Sources */ = {isa = PBXBuildFile; fileRef = FA0C506B2B63D28700E567D4 /* NoteListPresenterModel.swift */; };
		FA0C506F2B657B6C00E567D4 /* NoteCollectionViewAdapter.swift in Sources */ = {isa = PBXBuildFile; fileRef = FA0C506E2B657B6C00E567D4 /* NoteCollectionViewAdapter.swift */; };
		FA0C50712B657C3D00E567D4 /* NoteCollectionViewAdapterOutput.swift in Sources */ = {isa = PBXBuildFile; fileRef = FA0C50702B657C3D00E567D4 /* NoteCollectionViewAdapterOutput.swift */; };
		FA0C50742B657EE800E567D4 /* NoteCollectionViewCell.swift in Sources */ = {isa = PBXBuildFile; fileRef = FA0C50732B657EE800E567D4 /* NoteCollectionViewCell.swift */; };
		FAA3F4912B6705B6004747D7 /* NoteListDataModel.swift in Sources */ = {isa = PBXBuildFile; fileRef = FAA3F4902B6705B6004747D7 /* NoteListDataModel.swift */; };
		FAA3F4932B6705CB004747D7 /* NoteListDataModelInput.swift in Sources */ = {isa = PBXBuildFile; fileRef = FAA3F4922B6705CB004747D7 /* NoteListDataModelInput.swift */; };
		FAA3F4962B670B9F004747D7 /* CoreDataStack.swift in Sources */ = {isa = PBXBuildFile; fileRef = FAA3F4952B670B9F004747D7 /* CoreDataStack.swift */; };
		FAA3F4992B680640004747D7 /* AddNoteAlertController.swift in Sources */ = {isa = PBXBuildFile; fileRef = FAA3F4982B680640004747D7 /* AddNoteAlertController.swift */; };
		FAA3F49B2B680668004747D7 /* AddNoteAlertModuleOutput.swift in Sources */ = {isa = PBXBuildFile; fileRef = FAA3F49A2B680668004747D7 /* AddNoteAlertModuleOutput.swift */; };
		FAA3F49E2B68092C004747D7 /* AddNoteAlertModel.swift in Sources */ = {isa = PBXBuildFile; fileRef = FAA3F49D2B68092C004747D7 /* AddNoteAlertModel.swift */; };
		FAA3F4A02B68317D004747D7 /* NoteCollectionViewCellDeleteDelegate.swift in Sources */ = {isa = PBXBuildFile; fileRef = FAA3F49F2B68317D004747D7 /* NoteCollectionViewCellDeleteDelegate.swift */; };
		FAA3F4A72B68C36B004747D7 /* NoteEditViewController.swift in Sources */ = {isa = PBXBuildFile; fileRef = FAA3F4A62B68C36B004747D7 /* NoteEditViewController.swift */; };
		FAA3F4A92B68C38F004747D7 /* NoteEditModuleConfigurator.swift in Sources */ = {isa = PBXBuildFile; fileRef = FAA3F4A82B68C38F004747D7 /* NoteEditModuleConfigurator.swift */; };
		FAA3F4AB2B68C3AD004747D7 /* NoteEditPresenter.swift in Sources */ = {isa = PBXBuildFile; fileRef = FAA3F4AA2B68C3AD004747D7 /* NoteEditPresenter.swift */; };
		FAA3F4AD2B68C3C3004747D7 /* NoteEditRouter.swift in Sources */ = {isa = PBXBuildFile; fileRef = FAA3F4AC2B68C3C3004747D7 /* NoteEditRouter.swift */; };
		FAA3F4AF2B68C453004747D7 /* NoteEditViewInput.swift in Sources */ = {isa = PBXBuildFile; fileRef = FAA3F4AE2B68C453004747D7 /* NoteEditViewInput.swift */; };
		FAA3F4B12B68C462004747D7 /* NoteEditViewOutput.swift in Sources */ = {isa = PBXBuildFile; fileRef = FAA3F4B02B68C462004747D7 /* NoteEditViewOutput.swift */; };
		FAA3F4B32B68C4CB004747D7 /* NoteEditRouterInput.swift in Sources */ = {isa = PBXBuildFile; fileRef = FAA3F4B22B68C4CB004747D7 /* NoteEditRouterInput.swift */; };
		FAA3F4B52B68C4EA004747D7 /* NoteEditModuleInput.swift in Sources */ = {isa = PBXBuildFile; fileRef = FAA3F4B42B68C4EA004747D7 /* NoteEditModuleInput.swift */; };
		FAA3F4B72B68C4F9004747D7 /* NoteEditModuleOutput.swift in Sources */ = {isa = PBXBuildFile; fileRef = FAA3F4B62B68C4F9004747D7 /* NoteEditModuleOutput.swift */; };
		FAA3F4BB2B6927AD004747D7 /* NoteEditPresenterModel.swift in Sources */ = {isa = PBXBuildFile; fileRef = FAA3F4BA2B6927AD004747D7 /* NoteEditPresenterModel.swift */; };
/* End PBXBuildFile section */

/* Begin PBXFileReference section */
		FA0C50382B63CA8A00E567D4 /* NotesApp.app */ = {isa = PBXFileReference; explicitFileType = wrapper.application; includeInIndex = 0; path = NotesApp.app; sourceTree = BUILT_PRODUCTS_DIR; };
		FA0C503B2B63CA8A00E567D4 /* AppDelegate.swift */ = {isa = PBXFileReference; lastKnownFileType = sourcecode.swift; path = AppDelegate.swift; sourceTree = "<group>"; };
		FA0C503D2B63CA8A00E567D4 /* SceneDelegate.swift */ = {isa = PBXFileReference; lastKnownFileType = sourcecode.swift; path = SceneDelegate.swift; sourceTree = "<group>"; };
		FA0C503F2B63CA8A00E567D4 /* NoteListViewController.swift */ = {isa = PBXFileReference; lastKnownFileType = sourcecode.swift; path = NoteListViewController.swift; sourceTree = "<group>"; };
		FA0C50452B63CA8A00E567D4 /* NotesApp.xcdatamodel */ = {isa = PBXFileReference; lastKnownFileType = wrapper.xcdatamodel; path = NotesApp.xcdatamodel; sourceTree = "<group>"; };
		FA0C50472B63CA8B00E567D4 /* Assets.xcassets */ = {isa = PBXFileReference; lastKnownFileType = folder.assetcatalog; path = Assets.xcassets; sourceTree = "<group>"; };
		FA0C504A2B63CA8B00E567D4 /* Base */ = {isa = PBXFileReference; lastKnownFileType = file.storyboard; name = Base; path = Base.lproj/LaunchScreen.storyboard; sourceTree = "<group>"; };
		FA0C504C2B63CA8B00E567D4 /* Info.plist */ = {isa = PBXFileReference; lastKnownFileType = text.plist.xml; path = Info.plist; sourceTree = "<group>"; };
		FA0C505A2B63D03C00E567D4 /* NoteListConfigurator.swift */ = {isa = PBXFileReference; lastKnownFileType = sourcecode.swift; path = NoteListConfigurator.swift; sourceTree = "<group>"; };
		FA0C505C2B63D04D00E567D4 /* NoteListRouter.swift */ = {isa = PBXFileReference; lastKnownFileType = sourcecode.swift; path = NoteListRouter.swift; sourceTree = "<group>"; };
		FA0C505E2B63D06400E567D4 /* NoteListPresenter.swift */ = {isa = PBXFileReference; lastKnownFileType = sourcecode.swift; path = NoteListPresenter.swift; sourceTree = "<group>"; };
		FA0C50602B63D0A200E567D4 /* NoteListModuleInput.swift */ = {isa = PBXFileReference; lastKnownFileType = sourcecode.swift; path = NoteListModuleInput.swift; sourceTree = "<group>"; };
		FA0C50622B63D0C500E567D4 /* NoteListViewInput.swift */ = {isa = PBXFileReference; lastKnownFileType = sourcecode.swift; path = NoteListViewInput.swift; sourceTree = "<group>"; };
		FA0C50642B63D0D400E567D4 /* NoteListViewOutput.swift */ = {isa = PBXFileReference; lastKnownFileType = sourcecode.swift; path = NoteListViewOutput.swift; sourceTree = "<group>"; };
		FA0C50662B63D0EF00E567D4 /* NoteListRouterInput.swift */ = {isa = PBXFileReference; lastKnownFileType = sourcecode.swift; path = NoteListRouterInput.swift; sourceTree = "<group>"; };
		FA0C50682B63D16A00E567D4 /* NoteListModuleOutput.swift */ = {isa = PBXFileReference; lastKnownFileType = sourcecode.swift; path = NoteListModuleOutput.swift; sourceTree = "<group>"; };
		FA0C506B2B63D28700E567D4 /* NoteListPresenterModel.swift */ = {isa = PBXFileReference; lastKnownFileType = sourcecode.swift; path = NoteListPresenterModel.swift; sourceTree = "<group>"; };
		FA0C506E2B657B6C00E567D4 /* NoteCollectionViewAdapter.swift */ = {isa = PBXFileReference; lastKnownFileType = sourcecode.swift; path = NoteCollectionViewAdapter.swift; sourceTree = "<group>"; };
		FA0C50702B657C3D00E567D4 /* NoteCollectionViewAdapterOutput.swift */ = {isa = PBXFileReference; lastKnownFileType = sourcecode.swift; path = NoteCollectionViewAdapterOutput.swift; sourceTree = "<group>"; };
		FA0C50732B657EE800E567D4 /* NoteCollectionViewCell.swift */ = {isa = PBXFileReference; lastKnownFileType = sourcecode.swift; path = NoteCollectionViewCell.swift; sourceTree = "<group>"; };
		FAA3F4902B6705B6004747D7 /* NoteListDataModel.swift */ = {isa = PBXFileReference; lastKnownFileType = sourcecode.swift; path = NoteListDataModel.swift; sourceTree = "<group>"; };
		FAA3F4922B6705CB004747D7 /* NoteListDataModelInput.swift */ = {isa = PBXFileReference; lastKnownFileType = sourcecode.swift; path = NoteListDataModelInput.swift; sourceTree = "<group>"; };
		FAA3F4952B670B9F004747D7 /* CoreDataStack.swift */ = {isa = PBXFileReference; lastKnownFileType = sourcecode.swift; path = CoreDataStack.swift; sourceTree = "<group>"; };
		FAA3F4982B680640004747D7 /* AddNoteAlertController.swift */ = {isa = PBXFileReference; lastKnownFileType = sourcecode.swift; path = AddNoteAlertController.swift; sourceTree = "<group>"; };
		FAA3F49A2B680668004747D7 /* AddNoteAlertModuleOutput.swift */ = {isa = PBXFileReference; lastKnownFileType = sourcecode.swift; path = AddNoteAlertModuleOutput.swift; sourceTree = "<group>"; };
		FAA3F49D2B68092C004747D7 /* AddNoteAlertModel.swift */ = {isa = PBXFileReference; lastKnownFileType = sourcecode.swift; path = AddNoteAlertModel.swift; sourceTree = "<group>"; };
		FAA3F49F2B68317D004747D7 /* NoteCollectionViewCellDeleteDelegate.swift */ = {isa = PBXFileReference; lastKnownFileType = sourcecode.swift; path = NoteCollectionViewCellDeleteDelegate.swift; sourceTree = "<group>"; };
		FAA3F4A62B68C36B004747D7 /* NoteEditViewController.swift */ = {isa = PBXFileReference; lastKnownFileType = sourcecode.swift; path = NoteEditViewController.swift; sourceTree = "<group>"; };
		FAA3F4A82B68C38F004747D7 /* NoteEditModuleConfigurator.swift */ = {isa = PBXFileReference; lastKnownFileType = sourcecode.swift; path = NoteEditModuleConfigurator.swift; sourceTree = "<group>"; };
		FAA3F4AA2B68C3AD004747D7 /* NoteEditPresenter.swift */ = {isa = PBXFileReference; lastKnownFileType = sourcecode.swift; path = NoteEditPresenter.swift; sourceTree = "<group>"; };
		FAA3F4AC2B68C3C3004747D7 /* NoteEditRouter.swift */ = {isa = PBXFileReference; lastKnownFileType = sourcecode.swift; path = NoteEditRouter.swift; sourceTree = "<group>"; };
		FAA3F4AE2B68C453004747D7 /* NoteEditViewInput.swift */ = {isa = PBXFileReference; lastKnownFileType = sourcecode.swift; path = NoteEditViewInput.swift; sourceTree = "<group>"; };
		FAA3F4B02B68C462004747D7 /* NoteEditViewOutput.swift */ = {isa = PBXFileReference; lastKnownFileType = sourcecode.swift; path = NoteEditViewOutput.swift; sourceTree = "<group>"; };
		FAA3F4B22B68C4CB004747D7 /* NoteEditRouterInput.swift */ = {isa = PBXFileReference; lastKnownFileType = sourcecode.swift; path = NoteEditRouterInput.swift; sourceTree = "<group>"; };
		FAA3F4B42B68C4EA004747D7 /* NoteEditModuleInput.swift */ = {isa = PBXFileReference; lastKnownFileType = sourcecode.swift; path = NoteEditModuleInput.swift; sourceTree = "<group>"; };
		FAA3F4B62B68C4F9004747D7 /* NoteEditModuleOutput.swift */ = {isa = PBXFileReference; lastKnownFileType = sourcecode.swift; path = NoteEditModuleOutput.swift; sourceTree = "<group>"; };
		FAA3F4BA2B6927AD004747D7 /* NoteEditPresenterModel.swift */ = {isa = PBXFileReference; lastKnownFileType = sourcecode.swift; path = NoteEditPresenterModel.swift; sourceTree = "<group>"; };
		FAA3F4BC2B694A4F004747D7 /* ru */ = {isa = PBXFileReference; lastKnownFileType = text.plist.strings; name = ru; path = ru.lproj/LaunchScreen.strings; sourceTree = "<group>"; };
/* End PBXFileReference section */

/* Begin PBXFrameworksBuildPhase section */
		FA0C50352B63CA8900E567D4 /* Frameworks */ = {
			isa = PBXFrameworksBuildPhase;
			buildActionMask = 2147483647;
			files = (
			);
			runOnlyForDeploymentPostprocessing = 0;
		};
/* End PBXFrameworksBuildPhase section */

/* Begin PBXGroup section */
		FA0C502F2B63CA8900E567D4 = {
			isa = PBXGroup;
			children = (
				FA0C503A2B63CA8A00E567D4 /* NotesApp */,
				FA0C50392B63CA8A00E567D4 /* Products */,
			);
			sourceTree = "<group>";
		};
		FA0C50392B63CA8A00E567D4 /* Products */ = {
			isa = PBXGroup;
			children = (
				FA0C50382B63CA8A00E567D4 /* NotesApp.app */,
			);
			name = Products;
			sourceTree = "<group>";
		};
		FA0C503A2B63CA8A00E567D4 /* NotesApp */ = {
			isa = PBXGroup;
			children = (
				FAA3F4942B670B90004747D7 /* Support */,
				FA0C50522B63CAA400E567D4 /* App */,
				FA0C50542B63CADB00E567D4 /* Modules */,
				FA0C50532B63CACB00E567D4 /* Resources */,
			);
			path = NotesApp;
			sourceTree = "<group>";
		};
		FA0C50522B63CAA400E567D4 /* App */ = {
			isa = PBXGroup;
			children = (
				FA0C50492B63CA8B00E567D4 /* LaunchScreen.storyboard */,
				FA0C503B2B63CA8A00E567D4 /* AppDelegate.swift */,
				FA0C503D2B63CA8A00E567D4 /* SceneDelegate.swift */,
				FA0C504C2B63CA8B00E567D4 /* Info.plist */,
				FA0C50442B63CA8A00E567D4 /* NotesApp.xcdatamodeld */,
			);
			path = App;
			sourceTree = "<group>";
		};
		FA0C50532B63CACB00E567D4 /* Resources */ = {
			isa = PBXGroup;
			children = (
				FA0C50472B63CA8B00E567D4 /* Assets.xcassets */,
			);
			path = Resources;
			sourceTree = "<group>";
		};
		FA0C50542B63CADB00E567D4 /* Modules */ = {
			isa = PBXGroup;
			children = (
				FA0C50592B63CB8400E567D4 /* NoteList */,
				FAA3F4972B68060C004747D7 /* AddNoteAlert */,
				FAA3F4A12B68C289004747D7 /* NoteEdit */,
			);
			path = Modules;
			sourceTree = "<group>";
		};
		FA0C50552B63CAEB00E567D4 /* Presenter */ = {
			isa = PBXGroup;
			children = (
				FA0C506A2B63D26C00E567D4 /* Model */,
				FA0C505E2B63D06400E567D4 /* NoteListPresenter.swift */,
				FA0C50602B63D0A200E567D4 /* NoteListModuleInput.swift */,
				FA0C50682B63D16A00E567D4 /* NoteListModuleOutput.swift */,
			);
			path = Presenter;
			sourceTree = "<group>";
		};
		FA0C50562B63CAF800E567D4 /* View */ = {
			isa = PBXGroup;
			children = (
				FA0C506D2B657B4F00E567D4 /* NoteCollectionViewAdapter */,
				FA0C503F2B63CA8A00E567D4 /* NoteListViewController.swift */,
				FA0C50622B63D0C500E567D4 /* NoteListViewInput.swift */,
				FA0C50642B63D0D400E567D4 /* NoteListViewOutput.swift */,
			);
			path = View;
			sourceTree = "<group>";
		};
		FA0C50572B63CAFD00E567D4 /* Router */ = {
			isa = PBXGroup;
			children = (
				FA0C505C2B63D04D00E567D4 /* NoteListRouter.swift */,
				FA0C50662B63D0EF00E567D4 /* NoteListRouterInput.swift */,
			);
			path = Router;
			sourceTree = "<group>";
		};
		FA0C50582B63CB0300E567D4 /* Configurator */ = {
			isa = PBXGroup;
			children = (
				FA0C505A2B63D03C00E567D4 /* NoteListConfigurator.swift */,
			);
			path = Configurator;
			sourceTree = "<group>";
		};
		FA0C50592B63CB8400E567D4 /* NoteList */ = {
			isa = PBXGroup;
			children = (
				FA0C50582B63CB0300E567D4 /* Configurator */,
				FA0C50552B63CAEB00E567D4 /* Presenter */,
				FA0C50572B63CAFD00E567D4 /* Router */,
				FA0C50562B63CAF800E567D4 /* View */,
			);
			path = NoteList;
			sourceTree = "<group>";
		};
		FA0C506A2B63D26C00E567D4 /* Model */ = {
			isa = PBXGroup;
			children = (
				FA0C506B2B63D28700E567D4 /* NoteListPresenterModel.swift */,
				FAA3F4902B6705B6004747D7 /* NoteListDataModel.swift */,
				FAA3F4922B6705CB004747D7 /* NoteListDataModelInput.swift */,
			);
			path = Model;
			sourceTree = "<group>";
		};
		FA0C506D2B657B4F00E567D4 /* NoteCollectionViewAdapter */ = {
			isa = PBXGroup;
			children = (
				FA0C50722B657ED200E567D4 /* NoteCollectionViewCell */,
				FA0C506E2B657B6C00E567D4 /* NoteCollectionViewAdapter.swift */,
				FA0C50702B657C3D00E567D4 /* NoteCollectionViewAdapterOutput.swift */,
			);
			path = NoteCollectionViewAdapter;
			sourceTree = "<group>";
		};
		FA0C50722B657ED200E567D4 /* NoteCollectionViewCell */ = {
			isa = PBXGroup;
			children = (
				FA0C50732B657EE800E567D4 /* NoteCollectionViewCell.swift */,
				FAA3F49F2B68317D004747D7 /* NoteCollectionViewCellDeleteDelegate.swift */,
			);
			path = NoteCollectionViewCell;
			sourceTree = "<group>";
		};
		FAA3F4942B670B90004747D7 /* Support */ = {
			isa = PBXGroup;
			children = (
				FAA3F4952B670B9F004747D7 /* CoreDataStack.swift */,
			);
			path = Support;
			sourceTree = "<group>";
		};
		FAA3F4972B68060C004747D7 /* AddNoteAlert */ = {
			isa = PBXGroup;
			children = (
				FAA3F49C2B68090C004747D7 /* Model */,
				FAA3F4982B680640004747D7 /* AddNoteAlertController.swift */,
				FAA3F49A2B680668004747D7 /* AddNoteAlertModuleOutput.swift */,
			);
			path = AddNoteAlert;
			sourceTree = "<group>";
		};
		FAA3F49C2B68090C004747D7 /* Model */ = {
			isa = PBXGroup;
			children = (
				FAA3F49D2B68092C004747D7 /* AddNoteAlertModel.swift */,
			);
			path = Model;
			sourceTree = "<group>";
		};
		FAA3F4A12B68C289004747D7 /* NoteEdit */ = {
			isa = PBXGroup;
			children = (
				FAA3F4A22B68C2A6004747D7 /* Configurator */,
				FAA3F4A32B68C2B1004747D7 /* Presenter */,
				FAA3F4A52B68C2BD004747D7 /* Router */,
				FAA3F4A42B68C2B7004747D7 /* View */,
			);
			path = NoteEdit;
			sourceTree = "<group>";
		};
		FAA3F4A22B68C2A6004747D7 /* Configurator */ = {
			isa = PBXGroup;
			children = (
				FAA3F4A82B68C38F004747D7 /* NoteEditModuleConfigurator.swift */,
			);
			path = Configurator;
			sourceTree = "<group>";
		};
		FAA3F4A32B68C2B1004747D7 /* Presenter */ = {
			isa = PBXGroup;
			children = (
				FAA3F4B82B692788004747D7 /* Model */,
				FAA3F4AA2B68C3AD004747D7 /* NoteEditPresenter.swift */,
				FAA3F4B42B68C4EA004747D7 /* NoteEditModuleInput.swift */,
				FAA3F4B62B68C4F9004747D7 /* NoteEditModuleOutput.swift */,
			);
			path = Presenter;
			sourceTree = "<group>";
		};
		FAA3F4A42B68C2B7004747D7 /* View */ = {
			isa = PBXGroup;
			children = (
				FAA3F4A62B68C36B004747D7 /* NoteEditViewController.swift */,
				FAA3F4AE2B68C453004747D7 /* NoteEditViewInput.swift */,
				FAA3F4B02B68C462004747D7 /* NoteEditViewOutput.swift */,
			);
			path = View;
			sourceTree = "<group>";
		};
		FAA3F4A52B68C2BD004747D7 /* Router */ = {
			isa = PBXGroup;
			children = (
				FAA3F4AC2B68C3C3004747D7 /* NoteEditRouter.swift */,
				FAA3F4B22B68C4CB004747D7 /* NoteEditRouterInput.swift */,
			);
			path = Router;
			sourceTree = "<group>";
		};
		FAA3F4B82B692788004747D7 /* Model */ = {
			isa = PBXGroup;
			children = (
				FAA3F4BA2B6927AD004747D7 /* NoteEditPresenterModel.swift */,
			);
			path = Model;
			sourceTree = "<group>";
		};
/* End PBXGroup section */

/* Begin PBXNativeTarget section */
		FA0C50372B63CA8900E567D4 /* NotesApp */ = {
			isa = PBXNativeTarget;
			buildConfigurationList = FA0C504F2B63CA8B00E567D4 /* Build configuration list for PBXNativeTarget "NotesApp" */;
			buildPhases = (
				FA0C50342B63CA8900E567D4 /* Sources */,
				FA0C50352B63CA8900E567D4 /* Frameworks */,
				FA0C50362B63CA8900E567D4 /* Resources */,
			);
			buildRules = (
			);
			dependencies = (
			);
			name = NotesApp;
			productName = NotesApp;
			productReference = FA0C50382B63CA8A00E567D4 /* NotesApp.app */;
			productType = "com.apple.product-type.application";
		};
/* End PBXNativeTarget section */

/* Begin PBXProject section */
		FA0C50302B63CA8900E567D4 /* Project object */ = {
			isa = PBXProject;
			attributes = {
				BuildIndependentTargetsInParallel = 1;
				LastSwiftUpdateCheck = 1520;
				LastUpgradeCheck = 1520;
				TargetAttributes = {
					FA0C50372B63CA8900E567D4 = {
						CreatedOnToolsVersion = 15.2;
					};
				};
			};
			buildConfigurationList = FA0C50332B63CA8900E567D4 /* Build configuration list for PBXProject "NotesApp" */;
			compatibilityVersion = "Xcode 14.0";
			developmentRegion = ru;
			hasScannedForEncodings = 0;
			knownRegions = (
				en,
				Base,
				ru,
			);
			mainGroup = FA0C502F2B63CA8900E567D4;
			productRefGroup = FA0C50392B63CA8A00E567D4 /* Products */;
			projectDirPath = "";
			projectRoot = "";
			targets = (
				FA0C50372B63CA8900E567D4 /* NotesApp */,
			);
		};
/* End PBXProject section */

/* Begin PBXResourcesBuildPhase section */
		FA0C50362B63CA8900E567D4 /* Resources */ = {
			isa = PBXResourcesBuildPhase;
			buildActionMask = 2147483647;
			files = (
				FA0C504B2B63CA8B00E567D4 /* LaunchScreen.storyboard in Resources */,
				FA0C50482B63CA8B00E567D4 /* Assets.xcassets in Resources */,
			);
			runOnlyForDeploymentPostprocessing = 0;
		};
/* End PBXResourcesBuildPhase section */

/* Begin PBXSourcesBuildPhase section */
		FA0C50342B63CA8900E567D4 /* Sources */ = {
			isa = PBXSourcesBuildPhase;
			buildActionMask = 2147483647;
			files = (
				FAA3F4BB2B6927AD004747D7 /* NoteEditPresenterModel.swift in Sources */,
				FA0C50712B657C3D00E567D4 /* NoteCollectionViewAdapterOutput.swift in Sources */,
				FA0C50402B63CA8A00E567D4 /* NoteListViewController.swift in Sources */,
				FAA3F4B12B68C462004747D7 /* NoteEditViewOutput.swift in Sources */,
				FAA3F4932B6705CB004747D7 /* NoteListDataModelInput.swift in Sources */,
				FA0C50632B63D0C500E567D4 /* NoteListViewInput.swift in Sources */,
				FAA3F4B32B68C4CB004747D7 /* NoteEditRouterInput.swift in Sources */,
				FA0C503C2B63CA8A00E567D4 /* AppDelegate.swift in Sources */,
				FA0C50742B657EE800E567D4 /* NoteCollectionViewCell.swift in Sources */,
				FAA3F4B72B68C4F9004747D7 /* NoteEditModuleOutput.swift in Sources */,
				FAA3F4992B680640004747D7 /* AddNoteAlertController.swift in Sources */,
				FAA3F4A02B68317D004747D7 /* NoteCollectionViewCellDeleteDelegate.swift in Sources */,
				FA0C503E2B63CA8A00E567D4 /* SceneDelegate.swift in Sources */,
				FAA3F4AD2B68C3C3004747D7 /* NoteEditRouter.swift in Sources */,
				FA0C506F2B657B6C00E567D4 /* NoteCollectionViewAdapter.swift in Sources */,
				FAA3F4AB2B68C3AD004747D7 /* NoteEditPresenter.swift in Sources */,
				FAA3F4962B670B9F004747D7 /* CoreDataStack.swift in Sources */,
				FA0C505B2B63D03C00E567D4 /* NoteListConfigurator.swift in Sources */,
				FA0C50652B63D0D400E567D4 /* NoteListViewOutput.swift in Sources */,
				FA0C50612B63D0A200E567D4 /* NoteListModuleInput.swift in Sources */,
				FA0C50672B63D0EF00E567D4 /* NoteListRouterInput.swift in Sources */,
				FAA3F4AF2B68C453004747D7 /* NoteEditViewInput.swift in Sources */,
				FA0C505D2B63D04D00E567D4 /* NoteListRouter.swift in Sources */,
				FAA3F49B2B680668004747D7 /* AddNoteAlertModuleOutput.swift in Sources */,
				FAA3F49E2B68092C004747D7 /* AddNoteAlertModel.swift in Sources */,
				FAA3F4A72B68C36B004747D7 /* NoteEditViewController.swift in Sources */,
				FA0C505F2B63D06400E567D4 /* NoteListPresenter.swift in Sources */,
				FAA3F4A92B68C38F004747D7 /* NoteEditModuleConfigurator.swift in Sources */,
				FAA3F4B52B68C4EA004747D7 /* NoteEditModuleInput.swift in Sources */,
				FA0C50692B63D16A00E567D4 /* NoteListModuleOutput.swift in Sources */,
				FA0C50462B63CA8A00E567D4 /* NotesApp.xcdatamodeld in Sources */,
				FA0C506C2B63D28700E567D4 /* NoteListPresenterModel.swift in Sources */,
				FAA3F4912B6705B6004747D7 /* NoteListDataModel.swift in Sources */,
			);
			runOnlyForDeploymentPostprocessing = 0;
		};
/* End PBXSourcesBuildPhase section */

/* Begin PBXVariantGroup section */
		FA0C50492B63CA8B00E567D4 /* LaunchScreen.storyboard */ = {
			isa = PBXVariantGroup;
			children = (
				FA0C504A2B63CA8B00E567D4 /* Base */,
				FAA3F4BC2B694A4F004747D7 /* ru */,
			);
			name = LaunchScreen.storyboard;
			sourceTree = "<group>";
		};
/* End PBXVariantGroup section */

/* Begin XCBuildConfiguration section */
		FA0C504D2B63CA8B00E567D4 /* Debug */ = {
			isa = XCBuildConfiguration;
			buildSettings = {
				ALWAYS_SEARCH_USER_PATHS = NO;
				ASSETCATALOG_COMPILER_GENERATE_SWIFT_ASSET_SYMBOL_EXTENSIONS = YES;
				CLANG_ANALYZER_LOCALIZABILITY_NONLOCALIZED = YES;
				CLANG_ANALYZER_NONNULL = YES;
				CLANG_ANALYZER_NUMBER_OBJECT_CONVERSION = YES_AGGRESSIVE;
				CLANG_CXX_LANGUAGE_STANDARD = "gnu++20";
				CLANG_ENABLE_MODULES = YES;
				CLANG_ENABLE_OBJC_ARC = YES;
				CLANG_ENABLE_OBJC_WEAK = YES;
				CLANG_WARN_BLOCK_CAPTURE_AUTORELEASING = YES;
				CLANG_WARN_BOOL_CONVERSION = YES;
				CLANG_WARN_COMMA = YES;
				CLANG_WARN_CONSTANT_CONVERSION = YES;
				CLANG_WARN_DEPRECATED_OBJC_IMPLEMENTATIONS = YES;
				CLANG_WARN_DIRECT_OBJC_ISA_USAGE = YES_ERROR;
				CLANG_WARN_DOCUMENTATION_COMMENTS = YES;
				CLANG_WARN_EMPTY_BODY = YES;
				CLANG_WARN_ENUM_CONVERSION = YES;
				CLANG_WARN_INFINITE_RECURSION = YES;
				CLANG_WARN_INT_CONVERSION = YES;
				CLANG_WARN_NON_LITERAL_NULL_CONVERSION = YES;
				CLANG_WARN_OBJC_IMPLICIT_RETAIN_SELF = YES;
				CLANG_WARN_OBJC_LITERAL_CONVERSION = YES;
				CLANG_WARN_OBJC_ROOT_CLASS = YES_ERROR;
				CLANG_WARN_QUOTED_INCLUDE_IN_FRAMEWORK_HEADER = YES;
				CLANG_WARN_RANGE_LOOP_ANALYSIS = YES;
				CLANG_WARN_STRICT_PROTOTYPES = YES;
				CLANG_WARN_SUSPICIOUS_MOVE = YES;
				CLANG_WARN_UNGUARDED_AVAILABILITY = YES_AGGRESSIVE;
				CLANG_WARN_UNREACHABLE_CODE = YES;
				CLANG_WARN__DUPLICATE_METHOD_MATCH = YES;
				COPY_PHASE_STRIP = NO;
				DEBUG_INFORMATION_FORMAT = dwarf;
				ENABLE_STRICT_OBJC_MSGSEND = YES;
				ENABLE_TESTABILITY = YES;
				ENABLE_USER_SCRIPT_SANDBOXING = YES;
				GCC_C_LANGUAGE_STANDARD = gnu17;
				GCC_DYNAMIC_NO_PIC = NO;
				GCC_NO_COMMON_BLOCKS = YES;
				GCC_OPTIMIZATION_LEVEL = 0;
				GCC_PREPROCESSOR_DEFINITIONS = (
					"DEBUG=1",
					"$(inherited)",
				);
				GCC_WARN_64_TO_32_BIT_CONVERSION = YES;
				GCC_WARN_ABOUT_RETURN_TYPE = YES_ERROR;
				GCC_WARN_UNDECLARED_SELECTOR = YES;
				GCC_WARN_UNINITIALIZED_AUTOS = YES_AGGRESSIVE;
				GCC_WARN_UNUSED_FUNCTION = YES;
				GCC_WARN_UNUSED_VARIABLE = YES;
				IPHONEOS_DEPLOYMENT_TARGET = 17.2;
				LOCALIZATION_PREFERS_STRING_CATALOGS = YES;
				MTL_ENABLE_DEBUG_INFO = INCLUDE_SOURCE;
				MTL_FAST_MATH = YES;
				ONLY_ACTIVE_ARCH = YES;
				SDKROOT = iphoneos;
				SWIFT_ACTIVE_COMPILATION_CONDITIONS = "DEBUG $(inherited)";
				SWIFT_OPTIMIZATION_LEVEL = "-Onone";
			};
			name = Debug;
		};
		FA0C504E2B63CA8B00E567D4 /* Release */ = {
			isa = XCBuildConfiguration;
			buildSettings = {
				ALWAYS_SEARCH_USER_PATHS = NO;
				ASSETCATALOG_COMPILER_GENERATE_SWIFT_ASSET_SYMBOL_EXTENSIONS = YES;
				CLANG_ANALYZER_LOCALIZABILITY_NONLOCALIZED = YES;
				CLANG_ANALYZER_NONNULL = YES;
				CLANG_ANALYZER_NUMBER_OBJECT_CONVERSION = YES_AGGRESSIVE;
				CLANG_CXX_LANGUAGE_STANDARD = "gnu++20";
				CLANG_ENABLE_MODULES = YES;
				CLANG_ENABLE_OBJC_ARC = YES;
				CLANG_ENABLE_OBJC_WEAK = YES;
				CLANG_WARN_BLOCK_CAPTURE_AUTORELEASING = YES;
				CLANG_WARN_BOOL_CONVERSION = YES;
				CLANG_WARN_COMMA = YES;
				CLANG_WARN_CONSTANT_CONVERSION = YES;
				CLANG_WARN_DEPRECATED_OBJC_IMPLEMENTATIONS = YES;
				CLANG_WARN_DIRECT_OBJC_ISA_USAGE = YES_ERROR;
				CLANG_WARN_DOCUMENTATION_COMMENTS = YES;
				CLANG_WARN_EMPTY_BODY = YES;
				CLANG_WARN_ENUM_CONVERSION = YES;
				CLANG_WARN_INFINITE_RECURSION = YES;
				CLANG_WARN_INT_CONVERSION = YES;
				CLANG_WARN_NON_LITERAL_NULL_CONVERSION = YES;
				CLANG_WARN_OBJC_IMPLICIT_RETAIN_SELF = YES;
				CLANG_WARN_OBJC_LITERAL_CONVERSION = YES;
				CLANG_WARN_OBJC_ROOT_CLASS = YES_ERROR;
				CLANG_WARN_QUOTED_INCLUDE_IN_FRAMEWORK_HEADER = YES;
				CLANG_WARN_RANGE_LOOP_ANALYSIS = YES;
				CLANG_WARN_STRICT_PROTOTYPES = YES;
				CLANG_WARN_SUSPICIOUS_MOVE = YES;
				CLANG_WARN_UNGUARDED_AVAILABILITY = YES_AGGRESSIVE;
				CLANG_WARN_UNREACHABLE_CODE = YES;
				CLANG_WARN__DUPLICATE_METHOD_MATCH = YES;
				COPY_PHASE_STRIP = NO;
				DEBUG_INFORMATION_FORMAT = "dwarf-with-dsym";
				ENABLE_NS_ASSERTIONS = NO;
				ENABLE_STRICT_OBJC_MSGSEND = YES;
				ENABLE_USER_SCRIPT_SANDBOXING = YES;
				GCC_C_LANGUAGE_STANDARD = gnu17;
				GCC_NO_COMMON_BLOCKS = YES;
				GCC_WARN_64_TO_32_BIT_CONVERSION = YES;
				GCC_WARN_ABOUT_RETURN_TYPE = YES_ERROR;
				GCC_WARN_UNDECLARED_SELECTOR = YES;
				GCC_WARN_UNINITIALIZED_AUTOS = YES_AGGRESSIVE;
				GCC_WARN_UNUSED_FUNCTION = YES;
				GCC_WARN_UNUSED_VARIABLE = YES;
				IPHONEOS_DEPLOYMENT_TARGET = 17.2;
				LOCALIZATION_PREFERS_STRING_CATALOGS = YES;
				MTL_ENABLE_DEBUG_INFO = NO;
				MTL_FAST_MATH = YES;
				SDKROOT = iphoneos;
				SWIFT_COMPILATION_MODE = wholemodule;
				VALIDATE_PRODUCT = YES;
			};
			name = Release;
		};
		FA0C50502B63CA8B00E567D4 /* Debug */ = {
			isa = XCBuildConfiguration;
			buildSettings = {
				ASSETCATALOG_COMPILER_APPICON_NAME = AppIcon;
				ASSETCATALOG_COMPILER_GLOBAL_ACCENT_COLOR_NAME = AccentColor;
				CODE_SIGN_STYLE = Automatic;
				CURRENT_PROJECT_VERSION = 1;
				DEVELOPMENT_TEAM = 2A8FN782JR;
				GENERATE_INFOPLIST_FILE = YES;
				INFOPLIST_FILE = NotesApp/App/Info.plist;
				INFOPLIST_KEY_LSApplicationCategoryType = "public.app-category.productivity";
				INFOPLIST_KEY_UIApplicationSupportsIndirectInputEvents = YES;
				INFOPLIST_KEY_UILaunchStoryboardName = LaunchScreen;
				INFOPLIST_KEY_UISupportedInterfaceOrientations_iPad = "UIInterfaceOrientationPortrait UIInterfaceOrientationPortraitUpsideDown UIInterfaceOrientationLandscapeLeft UIInterfaceOrientationLandscapeRight";
				INFOPLIST_KEY_UISupportedInterfaceOrientations_iPhone = "UIInterfaceOrientationPortrait UIInterfaceOrientationLandscapeLeft UIInterfaceOrientationLandscapeRight";
				IPHONEOS_DEPLOYMENT_TARGET = 16.0;
				LD_RUNPATH_SEARCH_PATHS = (
					"$(inherited)",
					"@executable_path/Frameworks",
				);
				MARKETING_VERSION = 1.0;
				PRODUCT_BUNDLE_IDENTIFIER = com.jokok.NotesApp;
				PRODUCT_NAME = "$(TARGET_NAME)";
				SWIFT_EMIT_LOC_STRINGS = YES;
				SWIFT_VERSION = 5.0;
				TARGETED_DEVICE_FAMILY = "1,2";
			};
			name = Debug;
		};
		FA0C50512B63CA8B00E567D4 /* Release */ = {
			isa = XCBuildConfiguration;
			buildSettings = {
				ASSETCATALOG_COMPILER_APPICON_NAME = AppIcon;
				ASSETCATALOG_COMPILER_GLOBAL_ACCENT_COLOR_NAME = AccentColor;
				CODE_SIGN_STYLE = Automatic;
				CURRENT_PROJECT_VERSION = 1;
				DEVELOPMENT_TEAM = 2A8FN782JR;
				GENERATE_INFOPLIST_FILE = YES;
				INFOPLIST_FILE = NotesApp/App/Info.plist;
				INFOPLIST_KEY_LSApplicationCategoryType = "public.app-category.productivity";
				INFOPLIST_KEY_UIApplicationSupportsIndirectInputEvents = YES;
				INFOPLIST_KEY_UILaunchStoryboardName = LaunchScreen;
				INFOPLIST_KEY_UISupportedInterfaceOrientations_iPad = "UIInterfaceOrientationPortrait UIInterfaceOrientationPortraitUpsideDown UIInterfaceOrientationLandscapeLeft UIInterfaceOrientationLandscapeRight";
				INFOPLIST_KEY_UISupportedInterfaceOrientations_iPhone = "UIInterfaceOrientationPortrait UIInterfaceOrientationLandscapeLeft UIInterfaceOrientationLandscapeRight";
				IPHONEOS_DEPLOYMENT_TARGET = 16.0;
				LD_RUNPATH_SEARCH_PATHS = (
					"$(inherited)",
					"@executable_path/Frameworks",
				);
				MARKETING_VERSION = 1.0;
				PRODUCT_BUNDLE_IDENTIFIER = com.jokok.NotesApp;
				PRODUCT_NAME = "$(TARGET_NAME)";
				SWIFT_EMIT_LOC_STRINGS = YES;
				SWIFT_VERSION = 5.0;
				TARGETED_DEVICE_FAMILY = "1,2";
			};
			name = Release;
		};
/* End XCBuildConfiguration section */

/* Begin XCConfigurationList section */
		FA0C50332B63CA8900E567D4 /* Build configuration list for PBXProject "NotesApp" */ = {
			isa = XCConfigurationList;
			buildConfigurations = (
				FA0C504D2B63CA8B00E567D4 /* Debug */,
				FA0C504E2B63CA8B00E567D4 /* Release */,
			);
			defaultConfigurationIsVisible = 0;
			defaultConfigurationName = Release;
		};
		FA0C504F2B63CA8B00E567D4 /* Build configuration list for PBXNativeTarget "NotesApp" */ = {
			isa = XCConfigurationList;
			buildConfigurations = (
				FA0C50502B63CA8B00E567D4 /* Debug */,
				FA0C50512B63CA8B00E567D4 /* Release */,
			);
			defaultConfigurationIsVisible = 0;
			defaultConfigurationName = Release;
		};
/* End XCConfigurationList section */

/* Begin XCVersionGroup section */
		FA0C50442B63CA8A00E567D4 /* NotesApp.xcdatamodeld */ = {
			isa = XCVersionGroup;
			children = (
				FA0C50452B63CA8A00E567D4 /* NotesApp.xcdatamodel */,
			);
			currentVersion = FA0C50452B63CA8A00E567D4 /* NotesApp.xcdatamodel */;
			path = NotesApp.xcdatamodeld;
			sourceTree = "<group>";
			versionGroupType = wrapper.xcdatamodel;
		};
/* End XCVersionGroup section */
	};
	rootObject = FA0C50302B63CA8900E567D4 /* Project object */;
}
